// !$*UTF8*$!
{
	archiveVersion = 1;
	classes = {
	};
	objectVersion = 46;
	objects = {

/* Begin PBXBuildFile section */
		24868E6519163465002E8F67 /* SlideMenu.m in Sources */ = {isa = PBXBuildFile; fileRef = 24868E6419163465002E8F67 /* SlideMenu.m */; };
		24A4A642191729520054A67A /* MenuButton.m in Sources */ = {isa = PBXBuildFile; fileRef = 24A4A641191729520054A67A /* MenuButton.m */; };
		24A4A64619172AB30054A67A /* CoarseBubbleItem.m in Sources */ = {isa = PBXBuildFile; fileRef = 24A4A64519172AB30054A67A /* CoarseBubbleItem.m */; };
		24A4A64919172D070054A67A /* CoarseBubbleItem1.m in Sources */ = {isa = PBXBuildFile; fileRef = 24A4A64819172D070054A67A /* CoarseBubbleItem1.m */; };
		24A4A64D191740C60054A67A /* CoarseBubbleItemBuilder.m in Sources */ = {isa = PBXBuildFile; fileRef = 24A4A64C191740C60054A67A /* CoarseBubbleItemBuilder.m */; };
		24A4A65119174B420054A67A /* CoarseBubbleItem2.m in Sources */ = {isa = PBXBuildFile; fileRef = 24A4A65019174B420054A67A /* CoarseBubbleItem2.m */; };
		24BA92031914F80400DB4067 /* SampleViewController.m in Sources */ = {isa = PBXBuildFile; fileRef = 24BA92021914F80400DB4067 /* SampleViewController.m */; };
		24CC0CF2191226F200CD3A19 /* CyperusCompressus.m in Sources */ = {isa = PBXBuildFile; fileRef = 24CC0CF1191226F200CD3A19 /* CyperusCompressus.m */; };
		24CC0CF51912282900CD3A19 /* AdiantumPedatum.m in Sources */ = {isa = PBXBuildFile; fileRef = 24CC0CF41912282900CD3A19 /* AdiantumPedatum.m */; };
		24CC0CF8191228E500CD3A19 /* Pachysandraterminalis.m in Sources */ = {isa = PBXBuildFile; fileRef = 24CC0CF7191228E500CD3A19 /* Pachysandraterminalis.m */; };
		24CC0CFB191229DD00CD3A19 /* RhaphiolepisIndica.m in Sources */ = {isa = PBXBuildFile; fileRef = 24CC0CFA191229DD00CD3A19 /* RhaphiolepisIndica.m */; };
		24D1324D191A035400B3B1A2 /* PlantBubble.m in Sources */ = {isa = PBXBuildFile; fileRef = 24D1324C191A035400B3B1A2 /* PlantBubble.m */; };
		24D13250191A07D900B3B1A2 /* PlantBubble1.m in Sources */ = {isa = PBXBuildFile; fileRef = 24D1324F191A07D900B3B1A2 /* PlantBubble1.m */; };
		24D13254191A0A8600B3B1A2 /* PlantBubbleItemBuilder.m in Sources */ = {isa = PBXBuildFile; fileRef = 24D13253191A0A8600B3B1A2 /* PlantBubbleItemBuilder.m */; };
		24D13257191A116100B3B1A2 /* PlantBubble2.m in Sources */ = {isa = PBXBuildFile; fileRef = 24D13256191A116100B3B1A2 /* PlantBubble2.m */; };
		24D1325A191A11A600B3B1A2 /* PlantBubble3.m in Sources */ = {isa = PBXBuildFile; fileRef = 24D13259191A11A600B3B1A2 /* PlantBubble3.m */; };
		24D1325D191A11F900B3B1A2 /* PlantBubble4.m in Sources */ = {isa = PBXBuildFile; fileRef = 24D1325C191A11F900B3B1A2 /* PlantBubble4.m */; };
		24D13260191A123600B3B1A2 /* PlantBubble5.m in Sources */ = {isa = PBXBuildFile; fileRef = 24D1325F191A123600B3B1A2 /* PlantBubble5.m */; };
		24D13263191A127300B3B1A2 /* PlantBubble6.m in Sources */ = {isa = PBXBuildFile; fileRef = 24D13262191A127300B3B1A2 /* PlantBubble6.m */; };
		24D13266191A129A00B3B1A2 /* PlantBubble7.m in Sources */ = {isa = PBXBuildFile; fileRef = 24D13265191A129A00B3B1A2 /* PlantBubble7.m */; };
		24E9C7B81918843500B509BA /* CultureBubble.m in Sources */ = {isa = PBXBuildFile; fileRef = 24E9C7B71918843500B509BA /* CultureBubble.m */; };
		24E9C7BB1918847200B509BA /* CultureBubble1.m in Sources */ = {isa = PBXBuildFile; fileRef = 24E9C7BA1918847200B509BA /* CultureBubble1.m */; };
		24E9C7BE191884DA00B509BA /* CultureBubble2.m in Sources */ = {isa = PBXBuildFile; fileRef = 24E9C7BD191884DA00B509BA /* CultureBubble2.m */; };
		24E9C7C21918858B00B509BA /* CultureBubbleItemBuilder.m in Sources */ = {isa = PBXBuildFile; fileRef = 24E9C7C11918858B00B509BA /* CultureBubbleItemBuilder.m */; };
		24E9C7C91918971300B509BA /* DecorateBubbleItem.m in Sources */ = {isa = PBXBuildFile; fileRef = 24E9C7C81918971300B509BA /* DecorateBubbleItem.m */; };
		24E9C7CC1918973C00B509BA /* DecorateBubbleItem1.m in Sources */ = {isa = PBXBuildFile; fileRef = 24E9C7CB1918973C00B509BA /* DecorateBubbleItem1.m */; };
		24E9C7CF1918978D00B509BA /* DecorateBubbleItem2.m in Sources */ = {isa = PBXBuildFile; fileRef = 24E9C7CE1918978D00B509BA /* DecorateBubbleItem2.m */; };
		24E9C7D2191897A900B509BA /* DecorateBubbleItem3.m in Sources */ = {isa = PBXBuildFile; fileRef = 24E9C7D1191897A900B509BA /* DecorateBubbleItem3.m */; };
		24E9C7D61918987300B509BA /* DecorateBubbleItemBuilder.m in Sources */ = {isa = PBXBuildFile; fileRef = 24E9C7D51918987300B509BA /* DecorateBubbleItemBuilder.m */; };
		24F5DACC191DDCA600451B90 /* AboutLayer.xib in Resources */ = {isa = PBXBuildFile; fileRef = 24F5DACB191DDCA600451B90 /* AboutLayer.xib */; };
		24F5DACF191DDE5D00451B90 /* AboutView.m in Sources */ = {isa = PBXBuildFile; fileRef = 24F5DACE191DDE5D00451B90 /* AboutView.m */; };
		24FBFA79191202800019BBAD /* Foundation.framework in Frameworks */ = {isa = PBXBuildFile; fileRef = 24FBFA78191202800019BBAD /* Foundation.framework */; };
		24FBFA7B191202800019BBAD /* CoreGraphics.framework in Frameworks */ = {isa = PBXBuildFile; fileRef = 24FBFA7A191202800019BBAD /* CoreGraphics.framework */; };
		24FBFA7D191202800019BBAD /* UIKit.framework in Frameworks */ = {isa = PBXBuildFile; fileRef = 24FBFA7C191202800019BBAD /* UIKit.framework */; };
		24FBFA83191202800019BBAD /* InfoPlist.strings in Resources */ = {isa = PBXBuildFile; fileRef = 24FBFA81191202800019BBAD /* InfoPlist.strings */; };
		24FBFA85191202800019BBAD /* main.m in Sources */ = {isa = PBXBuildFile; fileRef = 24FBFA84191202800019BBAD /* main.m */; };
		24FBFA89191202800019BBAD /* AppDelegate.m in Sources */ = {isa = PBXBuildFile; fileRef = 24FBFA88191202800019BBAD /* AppDelegate.m */; };
		24FBFA8C191202800019BBAD /* Main.storyboard in Resources */ = {isa = PBXBuildFile; fileRef = 24FBFA8A191202800019BBAD /* Main.storyboard */; };
		24FBFA8F191202800019BBAD /* HomeViewController.m in Sources */ = {isa = PBXBuildFile; fileRef = 24FBFA8E191202800019BBAD /* HomeViewController.m */; };
		24FBFA91191202800019BBAD /* Images.xcassets in Resources */ = {isa = PBXBuildFile; fileRef = 24FBFA90191202800019BBAD /* Images.xcassets */; };
		24FBFA98191202810019BBAD /* XCTest.framework in Frameworks */ = {isa = PBXBuildFile; fileRef = 24FBFA97191202810019BBAD /* XCTest.framework */; };
		24FBFA99191202810019BBAD /* Foundation.framework in Frameworks */ = {isa = PBXBuildFile; fileRef = 24FBFA78191202800019BBAD /* Foundation.framework */; };
		24FBFA9A191202810019BBAD /* UIKit.framework in Frameworks */ = {isa = PBXBuildFile; fileRef = 24FBFA7C191202800019BBAD /* UIKit.framework */; };
		24FBFAA2191202810019BBAD /* InfoPlist.strings in Resources */ = {isa = PBXBuildFile; fileRef = 24FBFAA0191202810019BBAD /* InfoPlist.strings */; };
		24FBFAA4191202810019BBAD /* ChengShiHuangYe_iPadTests.m in Sources */ = {isa = PBXBuildFile; fileRef = 24FBFAA3191202810019BBAD /* ChengShiHuangYe_iPadTests.m */; };
		24FBFAB3191205810019BBAD /* LayerView.m in Sources */ = {isa = PBXBuildFile; fileRef = 24FBFAB2191205810019BBAD /* LayerView.m */; };
		24FBFAB6191205E30019BBAD /* HomeView.m in Sources */ = {isa = PBXBuildFile; fileRef = 24FBFAB5191205E30019BBAD /* HomeView.m */; };
		24FBFABA1912074A0019BBAD /* Gravity.m in Sources */ = {isa = PBXBuildFile; fileRef = 24FBFAB91912074A0019BBAD /* Gravity.m */; };
		24FBFABC191207B80019BBAD /* CoreMotion.framework in Frameworks */ = {isa = PBXBuildFile; fileRef = 24FBFABB191207B80019BBAD /* CoreMotion.framework */; };
		24FBFABF191216980019BBAD /* PlantInfo.m in Sources */ = {isa = PBXBuildFile; fileRef = 24FBFABE191216980019BBAD /* PlantInfo.m */; };
		24FBFAC2191217180019BBAD /* ScutellariaIndica.m in Sources */ = {isa = PBXBuildFile; fileRef = 24FBFAC1191217180019BBAD /* ScutellariaIndica.m */; };
		24FBFAC619121DC30019BBAD /* HomeViewPlantBuilder.m in Sources */ = {isa = PBXBuildFile; fileRef = 24FBFAC519121DC30019BBAD /* HomeViewPlantBuilder.m */; };
		24FBFAC9191221630019BBAD /* DesmodiumCaudatum.m in Sources */ = {isa = PBXBuildFile; fileRef = 24FBFAC8191221630019BBAD /* DesmodiumCaudatum.m */; };
		24FBFACC191222DA0019BBAD /* LysimachiaChristinae.m in Sources */ = {isa = PBXBuildFile; fileRef = 24FBFACB191222DA0019BBAD /* LysimachiaChristinae.m */; };
		24FBFAD2191224CE0019BBAD /* MyurocladaMaxmowiczii.m in Sources */ = {isa = PBXBuildFile; fileRef = 24FBFAD1191224CE0019BBAD /* MyurocladaMaxmowiczii.m */; };
		45661A2A662349D18D238F21 /* libPods.a in Frameworks */ = {isa = PBXBuildFile; fileRef = 05D38D90EF954A95B4A805DB /* libPods.a */; };
/* End PBXBuildFile section */

/* Begin PBXContainerItemProxy section */
		24FBFA9B191202810019BBAD /* PBXContainerItemProxy */ = {
			isa = PBXContainerItemProxy;
			containerPortal = 24FBFA6D191202800019BBAD /* Project object */;
			proxyType = 1;
			remoteGlobalIDString = 24FBFA74191202800019BBAD;
			remoteInfo = "ChengShiHuangYe-iPad";
		};
/* End PBXContainerItemProxy section */

/* Begin PBXFileReference section */
		05D38D90EF954A95B4A805DB /* libPods.a */ = {isa = PBXFileReference; explicitFileType = archive.ar; includeInIndex = 0; path = libPods.a; sourceTree = BUILT_PRODUCTS_DIR; };
		24868E6319163465002E8F67 /* SlideMenu.h */ = {isa = PBXFileReference; fileEncoding = 4; lastKnownFileType = sourcecode.c.h; path = SlideMenu.h; sourceTree = "<group>"; };
		24868E6419163465002E8F67 /* SlideMenu.m */ = {isa = PBXFileReference; fileEncoding = 4; lastKnownFileType = sourcecode.c.objc; path = SlideMenu.m; sourceTree = "<group>"; };
		24A4A640191729520054A67A /* MenuButton.h */ = {isa = PBXFileReference; fileEncoding = 4; lastKnownFileType = sourcecode.c.h; path = MenuButton.h; sourceTree = "<group>"; };
		24A4A641191729520054A67A /* MenuButton.m */ = {isa = PBXFileReference; fileEncoding = 4; lastKnownFileType = sourcecode.c.objc; path = MenuButton.m; sourceTree = "<group>"; };
		24A4A64419172AB30054A67A /* CoarseBubbleItem.h */ = {isa = PBXFileReference; fileEncoding = 4; lastKnownFileType = sourcecode.c.h; path = CoarseBubbleItem.h; sourceTree = "<group>"; };
		24A4A64519172AB30054A67A /* CoarseBubbleItem.m */ = {isa = PBXFileReference; fileEncoding = 4; lastKnownFileType = sourcecode.c.objc; path = CoarseBubbleItem.m; sourceTree = "<group>"; };
		24A4A64719172D070054A67A /* CoarseBubbleItem1.h */ = {isa = PBXFileReference; fileEncoding = 4; lastKnownFileType = sourcecode.c.h; path = CoarseBubbleItem1.h; sourceTree = "<group>"; };
		24A4A64819172D070054A67A /* CoarseBubbleItem1.m */ = {isa = PBXFileReference; fileEncoding = 4; lastKnownFileType = sourcecode.c.objc; path = CoarseBubbleItem1.m; sourceTree = "<group>"; };
		24A4A64B191740C60054A67A /* CoarseBubbleItemBuilder.h */ = {isa = PBXFileReference; fileEncoding = 4; lastKnownFileType = sourcecode.c.h; path = CoarseBubbleItemBuilder.h; sourceTree = "<group>"; };
		24A4A64C191740C60054A67A /* CoarseBubbleItemBuilder.m */ = {isa = PBXFileReference; fileEncoding = 4; lastKnownFileType = sourcecode.c.objc; path = CoarseBubbleItemBuilder.m; sourceTree = "<group>"; };
		24A4A64F19174B420054A67A /* CoarseBubbleItem2.h */ = {isa = PBXFileReference; fileEncoding = 4; lastKnownFileType = sourcecode.c.h; path = CoarseBubbleItem2.h; sourceTree = "<group>"; };
		24A4A65019174B420054A67A /* CoarseBubbleItem2.m */ = {isa = PBXFileReference; fileEncoding = 4; lastKnownFileType = sourcecode.c.objc; path = CoarseBubbleItem2.m; sourceTree = "<group>"; };
		24BA92011914F80400DB4067 /* SampleViewController.h */ = {isa = PBXFileReference; fileEncoding = 4; lastKnownFileType = sourcecode.c.h; path = SampleViewController.h; sourceTree = "<group>"; };
		24BA92021914F80400DB4067 /* SampleViewController.m */ = {isa = PBXFileReference; fileEncoding = 4; lastKnownFileType = sourcecode.c.objc; path = SampleViewController.m; sourceTree = "<group>"; };
		24CC0CF0191226F200CD3A19 /* CyperusCompressus.h */ = {isa = PBXFileReference; fileEncoding = 4; lastKnownFileType = sourcecode.c.h; path = CyperusCompressus.h; sourceTree = "<group>"; };
		24CC0CF1191226F200CD3A19 /* CyperusCompressus.m */ = {isa = PBXFileReference; fileEncoding = 4; lastKnownFileType = sourcecode.c.objc; path = CyperusCompressus.m; sourceTree = "<group>"; };
		24CC0CF31912282900CD3A19 /* AdiantumPedatum.h */ = {isa = PBXFileReference; fileEncoding = 4; lastKnownFileType = sourcecode.c.h; path = AdiantumPedatum.h; sourceTree = "<group>"; };
		24CC0CF41912282900CD3A19 /* AdiantumPedatum.m */ = {isa = PBXFileReference; fileEncoding = 4; lastKnownFileType = sourcecode.c.objc; path = AdiantumPedatum.m; sourceTree = "<group>"; };
		24CC0CF6191228E500CD3A19 /* Pachysandraterminalis.h */ = {isa = PBXFileReference; fileEncoding = 4; lastKnownFileType = sourcecode.c.h; path = Pachysandraterminalis.h; sourceTree = "<group>"; };
		24CC0CF7191228E500CD3A19 /* Pachysandraterminalis.m */ = {isa = PBXFileReference; fileEncoding = 4; lastKnownFileType = sourcecode.c.objc; path = Pachysandraterminalis.m; sourceTree = "<group>"; };
		24CC0CF9191229DD00CD3A19 /* RhaphiolepisIndica.h */ = {isa = PBXFileReference; fileEncoding = 4; lastKnownFileType = sourcecode.c.h; path = RhaphiolepisIndica.h; sourceTree = "<group>"; };
		24CC0CFA191229DD00CD3A19 /* RhaphiolepisIndica.m */ = {isa = PBXFileReference; fileEncoding = 4; lastKnownFileType = sourcecode.c.objc; path = RhaphiolepisIndica.m; sourceTree = "<group>"; };
		24D1324B191A035400B3B1A2 /* PlantBubble.h */ = {isa = PBXFileReference; fileEncoding = 4; lastKnownFileType = sourcecode.c.h; path = PlantBubble.h; sourceTree = "<group>"; };
		24D1324C191A035400B3B1A2 /* PlantBubble.m */ = {isa = PBXFileReference; fileEncoding = 4; lastKnownFileType = sourcecode.c.objc; path = PlantBubble.m; sourceTree = "<group>"; };
		24D1324E191A07D900B3B1A2 /* PlantBubble1.h */ = {isa = PBXFileReference; fileEncoding = 4; lastKnownFileType = sourcecode.c.h; path = PlantBubble1.h; sourceTree = "<group>"; };
		24D1324F191A07D900B3B1A2 /* PlantBubble1.m */ = {isa = PBXFileReference; fileEncoding = 4; lastKnownFileType = sourcecode.c.objc; path = PlantBubble1.m; sourceTree = "<group>"; };
		24D13252191A0A8600B3B1A2 /* PlantBubbleItemBuilder.h */ = {isa = PBXFileReference; fileEncoding = 4; lastKnownFileType = sourcecode.c.h; path = PlantBubbleItemBuilder.h; sourceTree = "<group>"; };
		24D13253191A0A8600B3B1A2 /* PlantBubbleItemBuilder.m */ = {isa = PBXFileReference; fileEncoding = 4; lastKnownFileType = sourcecode.c.objc; path = PlantBubbleItemBuilder.m; sourceTree = "<group>"; };
		24D13255191A116100B3B1A2 /* PlantBubble2.h */ = {isa = PBXFileReference; fileEncoding = 4; lastKnownFileType = sourcecode.c.h; path = PlantBubble2.h; sourceTree = "<group>"; };
		24D13256191A116100B3B1A2 /* PlantBubble2.m */ = {isa = PBXFileReference; fileEncoding = 4; lastKnownFileType = sourcecode.c.objc; path = PlantBubble2.m; sourceTree = "<group>"; };
		24D13258191A11A600B3B1A2 /* PlantBubble3.h */ = {isa = PBXFileReference; fileEncoding = 4; lastKnownFileType = sourcecode.c.h; path = PlantBubble3.h; sourceTree = "<group>"; };
		24D13259191A11A600B3B1A2 /* PlantBubble3.m */ = {isa = PBXFileReference; fileEncoding = 4; lastKnownFileType = sourcecode.c.objc; path = PlantBubble3.m; sourceTree = "<group>"; };
		24D1325B191A11F900B3B1A2 /* PlantBubble4.h */ = {isa = PBXFileReference; fileEncoding = 4; lastKnownFileType = sourcecode.c.h; path = PlantBubble4.h; sourceTree = "<group>"; };
		24D1325C191A11F900B3B1A2 /* PlantBubble4.m */ = {isa = PBXFileReference; fileEncoding = 4; lastKnownFileType = sourcecode.c.objc; path = PlantBubble4.m; sourceTree = "<group>"; };
		24D1325E191A123600B3B1A2 /* PlantBubble5.h */ = {isa = PBXFileReference; fileEncoding = 4; lastKnownFileType = sourcecode.c.h; path = PlantBubble5.h; sourceTree = "<group>"; };
		24D1325F191A123600B3B1A2 /* PlantBubble5.m */ = {isa = PBXFileReference; fileEncoding = 4; lastKnownFileType = sourcecode.c.objc; path = PlantBubble5.m; sourceTree = "<group>"; };
		24D13261191A127300B3B1A2 /* PlantBubble6.h */ = {isa = PBXFileReference; fileEncoding = 4; lastKnownFileType = sourcecode.c.h; path = PlantBubble6.h; sourceTree = "<group>"; };
		24D13262191A127300B3B1A2 /* PlantBubble6.m */ = {isa = PBXFileReference; fileEncoding = 4; lastKnownFileType = sourcecode.c.objc; path = PlantBubble6.m; sourceTree = "<group>"; };
		24D13264191A129A00B3B1A2 /* PlantBubble7.h */ = {isa = PBXFileReference; fileEncoding = 4; lastKnownFileType = sourcecode.c.h; path = PlantBubble7.h; sourceTree = "<group>"; };
		24D13265191A129A00B3B1A2 /* PlantBubble7.m */ = {isa = PBXFileReference; fileEncoding = 4; lastKnownFileType = sourcecode.c.objc; path = PlantBubble7.m; sourceTree = "<group>"; };
		24E9C7B61918843500B509BA /* CultureBubble.h */ = {isa = PBXFileReference; fileEncoding = 4; lastKnownFileType = sourcecode.c.h; path = CultureBubble.h; sourceTree = "<group>"; };
		24E9C7B71918843500B509BA /* CultureBubble.m */ = {isa = PBXFileReference; fileEncoding = 4; lastKnownFileType = sourcecode.c.objc; path = CultureBubble.m; sourceTree = "<group>"; };
		24E9C7B91918847200B509BA /* CultureBubble1.h */ = {isa = PBXFileReference; fileEncoding = 4; lastKnownFileType = sourcecode.c.h; path = CultureBubble1.h; sourceTree = "<group>"; };
		24E9C7BA1918847200B509BA /* CultureBubble1.m */ = {isa = PBXFileReference; fileEncoding = 4; lastKnownFileType = sourcecode.c.objc; path = CultureBubble1.m; sourceTree = "<group>"; };
		24E9C7BC191884DA00B509BA /* CultureBubble2.h */ = {isa = PBXFileReference; fileEncoding = 4; lastKnownFileType = sourcecode.c.h; path = CultureBubble2.h; sourceTree = "<group>"; };
		24E9C7BD191884DA00B509BA /* CultureBubble2.m */ = {isa = PBXFileReference; fileEncoding = 4; lastKnownFileType = sourcecode.c.objc; path = CultureBubble2.m; sourceTree = "<group>"; };
		24E9C7C01918858B00B509BA /* CultureBubbleItemBuilder.h */ = {isa = PBXFileReference; fileEncoding = 4; lastKnownFileType = sourcecode.c.h; path = CultureBubbleItemBuilder.h; sourceTree = "<group>"; };
		24E9C7C11918858B00B509BA /* CultureBubbleItemBuilder.m */ = {isa = PBXFileReference; fileEncoding = 4; lastKnownFileType = sourcecode.c.objc; path = CultureBubbleItemBuilder.m; sourceTree = "<group>"; };
		24E9C7C71918971300B509BA /* DecorateBubbleItem.h */ = {isa = PBXFileReference; fileEncoding = 4; lastKnownFileType = sourcecode.c.h; path = DecorateBubbleItem.h; sourceTree = "<group>"; };
		24E9C7C81918971300B509BA /* DecorateBubbleItem.m */ = {isa = PBXFileReference; fileEncoding = 4; lastKnownFileType = sourcecode.c.objc; path = DecorateBubbleItem.m; sourceTree = "<group>"; };
		24E9C7CA1918973C00B509BA /* DecorateBubbleItem1.h */ = {isa = PBXFileReference; fileEncoding = 4; lastKnownFileType = sourcecode.c.h; path = DecorateBubbleItem1.h; sourceTree = "<group>"; };
		24E9C7CB1918973C00B509BA /* DecorateBubbleItem1.m */ = {isa = PBXFileReference; fileEncoding = 4; lastKnownFileType = sourcecode.c.objc; path = DecorateBubbleItem1.m; sourceTree = "<group>"; };
		24E9C7CD1918978D00B509BA /* DecorateBubbleItem2.h */ = {isa = PBXFileReference; fileEncoding = 4; lastKnownFileType = sourcecode.c.h; path = DecorateBubbleItem2.h; sourceTree = "<group>"; };
		24E9C7CE1918978D00B509BA /* DecorateBubbleItem2.m */ = {isa = PBXFileReference; fileEncoding = 4; lastKnownFileType = sourcecode.c.objc; path = DecorateBubbleItem2.m; sourceTree = "<group>"; };
		24E9C7D0191897A900B509BA /* DecorateBubbleItem3.h */ = {isa = PBXFileReference; fileEncoding = 4; lastKnownFileType = sourcecode.c.h; path = DecorateBubbleItem3.h; sourceTree = "<group>"; };
		24E9C7D1191897A900B509BA /* DecorateBubbleItem3.m */ = {isa = PBXFileReference; fileEncoding = 4; lastKnownFileType = sourcecode.c.objc; path = DecorateBubbleItem3.m; sourceTree = "<group>"; };
		24E9C7D41918987300B509BA /* DecorateBubbleItemBuilder.h */ = {isa = PBXFileReference; fileEncoding = 4; lastKnownFileType = sourcecode.c.h; path = DecorateBubbleItemBuilder.h; sourceTree = "<group>"; };
		24E9C7D51918987300B509BA /* DecorateBubbleItemBuilder.m */ = {isa = PBXFileReference; fileEncoding = 4; lastKnownFileType = sourcecode.c.objc; path = DecorateBubbleItemBuilder.m; sourceTree = "<group>"; };
		24F5DACB191DDCA600451B90 /* AboutLayer.xib */ = {isa = PBXFileReference; fileEncoding = 4; lastKnownFileType = file.xib; path = AboutLayer.xib; sourceTree = "<group>"; };
		24F5DACD191DDE5D00451B90 /* AboutView.h */ = {isa = PBXFileReference; fileEncoding = 4; lastKnownFileType = sourcecode.c.h; path = AboutView.h; sourceTree = "<group>"; };
		24F5DACE191DDE5D00451B90 /* AboutView.m */ = {isa = PBXFileReference; fileEncoding = 4; lastKnownFileType = sourcecode.c.objc; path = AboutView.m; sourceTree = "<group>"; };
		24FBFA75191202800019BBAD /* ChengShiHuangYe-iPad.app */ = {isa = PBXFileReference; explicitFileType = wrapper.application; includeInIndex = 0; path = "ChengShiHuangYe-iPad.app"; sourceTree = BUILT_PRODUCTS_DIR; };
		24FBFA78191202800019BBAD /* Foundation.framework */ = {isa = PBXFileReference; lastKnownFileType = wrapper.framework; name = Foundation.framework; path = System/Library/Frameworks/Foundation.framework; sourceTree = SDKROOT; };
		24FBFA7A191202800019BBAD /* CoreGraphics.framework */ = {isa = PBXFileReference; lastKnownFileType = wrapper.framework; name = CoreGraphics.framework; path = System/Library/Frameworks/CoreGraphics.framework; sourceTree = SDKROOT; };
		24FBFA7C191202800019BBAD /* UIKit.framework */ = {isa = PBXFileReference; lastKnownFileType = wrapper.framework; name = UIKit.framework; path = System/Library/Frameworks/UIKit.framework; sourceTree = SDKROOT; };
		24FBFA80191202800019BBAD /* ChengShiHuangYe-iPad-Info.plist */ = {isa = PBXFileReference; lastKnownFileType = text.plist.xml; path = "ChengShiHuangYe-iPad-Info.plist"; sourceTree = "<group>"; };
		24FBFA82191202800019BBAD /* en */ = {isa = PBXFileReference; lastKnownFileType = text.plist.strings; name = en; path = en.lproj/InfoPlist.strings; sourceTree = "<group>"; };
		24FBFA84191202800019BBAD /* main.m */ = {isa = PBXFileReference; lastKnownFileType = sourcecode.c.objc; path = main.m; sourceTree = "<group>"; };
		24FBFA86191202800019BBAD /* ChengShiHuangYe-iPad-Prefix.pch */ = {isa = PBXFileReference; lastKnownFileType = sourcecode.c.h; path = "ChengShiHuangYe-iPad-Prefix.pch"; sourceTree = "<group>"; };
		24FBFA87191202800019BBAD /* AppDelegate.h */ = {isa = PBXFileReference; lastKnownFileType = sourcecode.c.h; path = AppDelegate.h; sourceTree = "<group>"; };
		24FBFA88191202800019BBAD /* AppDelegate.m */ = {isa = PBXFileReference; lastKnownFileType = sourcecode.c.objc; path = AppDelegate.m; sourceTree = "<group>"; };
		24FBFA8B191202800019BBAD /* Base */ = {isa = PBXFileReference; lastKnownFileType = file.storyboard; name = Base; path = Base.lproj/Main.storyboard; sourceTree = "<group>"; };
		24FBFA8D191202800019BBAD /* HomeViewController.h */ = {isa = PBXFileReference; lastKnownFileType = sourcecode.c.h; path = HomeViewController.h; sourceTree = "<group>"; };
		24FBFA8E191202800019BBAD /* HomeViewController.m */ = {isa = PBXFileReference; lastKnownFileType = sourcecode.c.objc; path = HomeViewController.m; sourceTree = "<group>"; };
		24FBFA90191202800019BBAD /* Images.xcassets */ = {isa = PBXFileReference; lastKnownFileType = folder.assetcatalog; path = Images.xcassets; sourceTree = "<group>"; };
		24FBFA96191202800019BBAD /* ChengShiHuangYe-iPadTests.xctest */ = {isa = PBXFileReference; explicitFileType = wrapper.cfbundle; includeInIndex = 0; path = "ChengShiHuangYe-iPadTests.xctest"; sourceTree = BUILT_PRODUCTS_DIR; };
		24FBFA97191202810019BBAD /* XCTest.framework */ = {isa = PBXFileReference; lastKnownFileType = wrapper.framework; name = XCTest.framework; path = Library/Frameworks/XCTest.framework; sourceTree = DEVELOPER_DIR; };
		24FBFA9F191202810019BBAD /* ChengShiHuangYe-iPadTests-Info.plist */ = {isa = PBXFileReference; lastKnownFileType = text.plist.xml; path = "ChengShiHuangYe-iPadTests-Info.plist"; sourceTree = "<group>"; };
		24FBFAA1191202810019BBAD /* en */ = {isa = PBXFileReference; lastKnownFileType = text.plist.strings; name = en; path = en.lproj/InfoPlist.strings; sourceTree = "<group>"; };
		24FBFAA3191202810019BBAD /* ChengShiHuangYe_iPadTests.m */ = {isa = PBXFileReference; lastKnownFileType = sourcecode.c.objc; path = ChengShiHuangYe_iPadTests.m; sourceTree = "<group>"; };
		24FBFAB1191205810019BBAD /* LayerView.h */ = {isa = PBXFileReference; fileEncoding = 4; lastKnownFileType = sourcecode.c.h; path = LayerView.h; sourceTree = "<group>"; };
		24FBFAB2191205810019BBAD /* LayerView.m */ = {isa = PBXFileReference; fileEncoding = 4; lastKnownFileType = sourcecode.c.objc; path = LayerView.m; sourceTree = "<group>"; };
		24FBFAB4191205E30019BBAD /* HomeView.h */ = {isa = PBXFileReference; fileEncoding = 4; lastKnownFileType = sourcecode.c.h; path = HomeView.h; sourceTree = "<group>"; };
		24FBFAB5191205E30019BBAD /* HomeView.m */ = {isa = PBXFileReference; fileEncoding = 4; lastKnownFileType = sourcecode.c.objc; path = HomeView.m; sourceTree = "<group>"; };
		24FBFAB81912074A0019BBAD /* Gravity.h */ = {isa = PBXFileReference; fileEncoding = 4; lastKnownFileType = sourcecode.c.h; path = Gravity.h; sourceTree = "<group>"; };
		24FBFAB91912074A0019BBAD /* Gravity.m */ = {isa = PBXFileReference; fileEncoding = 4; lastKnownFileType = sourcecode.c.objc; path = Gravity.m; sourceTree = "<group>"; };
		24FBFABB191207B80019BBAD /* CoreMotion.framework */ = {isa = PBXFileReference; lastKnownFileType = wrapper.framework; name = CoreMotion.framework; path = System/Library/Frameworks/CoreMotion.framework; sourceTree = SDKROOT; };
		24FBFABD191216980019BBAD /* PlantInfo.h */ = {isa = PBXFileReference; fileEncoding = 4; lastKnownFileType = sourcecode.c.h; path = PlantInfo.h; sourceTree = "<group>"; };
		24FBFABE191216980019BBAD /* PlantInfo.m */ = {isa = PBXFileReference; fileEncoding = 4; lastKnownFileType = sourcecode.c.objc; path = PlantInfo.m; sourceTree = "<group>"; };
		24FBFAC0191217180019BBAD /* ScutellariaIndica.h */ = {isa = PBXFileReference; fileEncoding = 4; lastKnownFileType = sourcecode.c.h; path = ScutellariaIndica.h; sourceTree = "<group>"; };
		24FBFAC1191217180019BBAD /* ScutellariaIndica.m */ = {isa = PBXFileReference; fileEncoding = 4; lastKnownFileType = sourcecode.c.objc; path = ScutellariaIndica.m; sourceTree = "<group>"; };
		24FBFAC419121DC30019BBAD /* HomeViewPlantBuilder.h */ = {isa = PBXFileReference; fileEncoding = 4; lastKnownFileType = sourcecode.c.h; path = HomeViewPlantBuilder.h; sourceTree = "<group>"; };
		24FBFAC519121DC30019BBAD /* HomeViewPlantBuilder.m */ = {isa = PBXFileReference; fileEncoding = 4; lastKnownFileType = sourcecode.c.objc; path = HomeViewPlantBuilder.m; sourceTree = "<group>"; };
		24FBFAC7191221630019BBAD /* DesmodiumCaudatum.h */ = {isa = PBXFileReference; fileEncoding = 4; lastKnownFileType = sourcecode.c.h; path = DesmodiumCaudatum.h; sourceTree = "<group>"; };
		24FBFAC8191221630019BBAD /* DesmodiumCaudatum.m */ = {isa = PBXFileReference; fileEncoding = 4; lastKnownFileType = sourcecode.c.objc; path = DesmodiumCaudatum.m; sourceTree = "<group>"; };
		24FBFACA191222DA0019BBAD /* LysimachiaChristinae.h */ = {isa = PBXFileReference; fileEncoding = 4; lastKnownFileType = sourcecode.c.h; path = LysimachiaChristinae.h; sourceTree = "<group>"; };
		24FBFACB191222DA0019BBAD /* LysimachiaChristinae.m */ = {isa = PBXFileReference; fileEncoding = 4; lastKnownFileType = sourcecode.c.objc; path = LysimachiaChristinae.m; sourceTree = "<group>"; };
		24FBFAD0191224CE0019BBAD /* MyurocladaMaxmowiczii.h */ = {isa = PBXFileReference; fileEncoding = 4; lastKnownFileType = sourcecode.c.h; path = MyurocladaMaxmowiczii.h; sourceTree = "<group>"; };
		24FBFAD1191224CE0019BBAD /* MyurocladaMaxmowiczii.m */ = {isa = PBXFileReference; fileEncoding = 4; lastKnownFileType = sourcecode.c.objc; path = MyurocladaMaxmowiczii.m; sourceTree = "<group>"; };
		EF6CB1BCF2C64496BF2AD113 /* Pods.xcconfig */ = {isa = PBXFileReference; includeInIndex = 1; lastKnownFileType = text.xcconfig; name = Pods.xcconfig; path = Pods/Pods.xcconfig; sourceTree = "<group>"; };
/* End PBXFileReference section */

/* Begin PBXFrameworksBuildPhase section */
		24FBFA72191202800019BBAD /* Frameworks */ = {
			isa = PBXFrameworksBuildPhase;
			buildActionMask = 2147483647;
			files = (
				24FBFABC191207B80019BBAD /* CoreMotion.framework in Frameworks */,
				24FBFA7B191202800019BBAD /* CoreGraphics.framework in Frameworks */,
				24FBFA7D191202800019BBAD /* UIKit.framework in Frameworks */,
				24FBFA79191202800019BBAD /* Foundation.framework in Frameworks */,
				45661A2A662349D18D238F21 /* libPods.a in Frameworks */,
			);
			runOnlyForDeploymentPostprocessing = 0;
		};
		24FBFA93191202800019BBAD /* Frameworks */ = {
			isa = PBXFrameworksBuildPhase;
			buildActionMask = 2147483647;
			files = (
				24FBFA98191202810019BBAD /* XCTest.framework in Frameworks */,
				24FBFA9A191202810019BBAD /* UIKit.framework in Frameworks */,
				24FBFA99191202810019BBAD /* Foundation.framework in Frameworks */,
			);
			runOnlyForDeploymentPostprocessing = 0;
		};
/* End PBXFrameworksBuildPhase section */

/* Begin PBXGroup section */
		24868E661916346A002E8F67 /* SlideMenu */ = {
			isa = PBXGroup;
			children = (
				24868E6319163465002E8F67 /* SlideMenu.h */,
				24868E6419163465002E8F67 /* SlideMenu.m */,
				24A4A643191729EA0054A67A /* SlideMenuItem */,
			);
			name = SlideMenu;
			sourceTree = "<group>";
		};
		24A4A643191729EA0054A67A /* SlideMenuItem */ = {
			isa = PBXGroup;
			children = (
				24A4A640191729520054A67A /* MenuButton.h */,
				24A4A641191729520054A67A /* MenuButton.m */,
				24E9C7C6191896C000B509BA /* DecorateBubble */,
				24A4A64A19172E3C0054A67A /* CoarseBubble */,
				24E9C7B51918841100B509BA /* CultureBubble */,
				24D1324A191A032C00B3B1A2 /* PlantBubble */,
			);
			name = SlideMenuItem;
			sourceTree = "<group>";
		};
		24A4A64A19172E3C0054A67A /* CoarseBubble */ = {
			isa = PBXGroup;
			children = (
				24A4A64419172AB30054A67A /* CoarseBubbleItem.h */,
				24A4A64519172AB30054A67A /* CoarseBubbleItem.m */,
				24A4A64719172D070054A67A /* CoarseBubbleItem1.h */,
				24A4A64819172D070054A67A /* CoarseBubbleItem1.m */,
				24A4A64F19174B420054A67A /* CoarseBubbleItem2.h */,
				24A4A65019174B420054A67A /* CoarseBubbleItem2.m */,
				24A4A64E19174B1F0054A67A /* Builder */,
			);
			name = CoarseBubble;
			sourceTree = "<group>";
		};
		24A4A64E19174B1F0054A67A /* Builder */ = {
			isa = PBXGroup;
			children = (
				24A4A64B191740C60054A67A /* CoarseBubbleItemBuilder.h */,
				24A4A64C191740C60054A67A /* CoarseBubbleItemBuilder.m */,
			);
			name = Builder;
			sourceTree = "<group>";
		};
		24D1324A191A032C00B3B1A2 /* PlantBubble */ = {
			isa = PBXGroup;
			children = (
				24D1324B191A035400B3B1A2 /* PlantBubble.h */,
				24D1324C191A035400B3B1A2 /* PlantBubble.m */,
				24D1324E191A07D900B3B1A2 /* PlantBubble1.h */,
				24D1324F191A07D900B3B1A2 /* PlantBubble1.m */,
				24D13255191A116100B3B1A2 /* PlantBubble2.h */,
				24D13256191A116100B3B1A2 /* PlantBubble2.m */,
				24D13258191A11A600B3B1A2 /* PlantBubble3.h */,
				24D13259191A11A600B3B1A2 /* PlantBubble3.m */,
				24D1325B191A11F900B3B1A2 /* PlantBubble4.h */,
				24D1325C191A11F900B3B1A2 /* PlantBubble4.m */,
				24D1325E191A123600B3B1A2 /* PlantBubble5.h */,
				24D1325F191A123600B3B1A2 /* PlantBubble5.m */,
				24D13261191A127300B3B1A2 /* PlantBubble6.h */,
				24D13262191A127300B3B1A2 /* PlantBubble6.m */,
				24D13264191A129A00B3B1A2 /* PlantBubble7.h */,
				24D13265191A129A00B3B1A2 /* PlantBubble7.m */,
				24D13251191A0A3D00B3B1A2 /* Builder */,
			);
			name = PlantBubble;
			sourceTree = "<group>";
		};
		24D13251191A0A3D00B3B1A2 /* Builder */ = {
			isa = PBXGroup;
			children = (
				24D13252191A0A8600B3B1A2 /* PlantBubbleItemBuilder.h */,
				24D13253191A0A8600B3B1A2 /* PlantBubbleItemBuilder.m */,
			);
			name = Builder;
			sourceTree = "<group>";
		};
		24E9C7B51918841100B509BA /* CultureBubble */ = {
			isa = PBXGroup;
			children = (
				24E9C7B61918843500B509BA /* CultureBubble.h */,
				24E9C7B71918843500B509BA /* CultureBubble.m */,
				24E9C7B91918847200B509BA /* CultureBubble1.h */,
				24E9C7BA1918847200B509BA /* CultureBubble1.m */,
				24E9C7BC191884DA00B509BA /* CultureBubble2.h */,
				24E9C7BD191884DA00B509BA /* CultureBubble2.m */,
				24E9C7BF1918855800B509BA /* Builder */,
			);
			name = CultureBubble;
			sourceTree = "<group>";
		};
		24E9C7BF1918855800B509BA /* Builder */ = {
			isa = PBXGroup;
			children = (
				24E9C7C01918858B00B509BA /* CultureBubbleItemBuilder.h */,
				24E9C7C11918858B00B509BA /* CultureBubbleItemBuilder.m */,
			);
			name = Builder;
			sourceTree = "<group>";
		};
		24E9C7C6191896C000B509BA /* DecorateBubble */ = {
			isa = PBXGroup;
			children = (
				24E9C7C71918971300B509BA /* DecorateBubbleItem.h */,
				24E9C7C81918971300B509BA /* DecorateBubbleItem.m */,
				24E9C7CA1918973C00B509BA /* DecorateBubbleItem1.h */,
				24E9C7CB1918973C00B509BA /* DecorateBubbleItem1.m */,
				24E9C7CD1918978D00B509BA /* DecorateBubbleItem2.h */,
				24E9C7CE1918978D00B509BA /* DecorateBubbleItem2.m */,
				24E9C7D0191897A900B509BA /* DecorateBubbleItem3.h */,
				24E9C7D1191897A900B509BA /* DecorateBubbleItem3.m */,
				24E9C7D31918985C00B509BA /* Builder */,
			);
			name = DecorateBubble;
			sourceTree = "<group>";
		};
		24E9C7D31918985C00B509BA /* Builder */ = {
			isa = PBXGroup;
			children = (
				24E9C7D41918987300B509BA /* DecorateBubbleItemBuilder.h */,
				24E9C7D51918987300B509BA /* DecorateBubbleItemBuilder.m */,
			);
			name = Builder;
			sourceTree = "<group>";
		};
		24EE31611914AC3800E11448 /* SampleLayer */ = {
			isa = PBXGroup;
			children = (
				24BA92011914F80400DB4067 /* SampleViewController.h */,
				24BA92021914F80400DB4067 /* SampleViewController.m */,
				24F5DACA191DDB8500451B90 /* AboutView */,
				24868E661916346A002E8F67 /* SlideMenu */,
			);
			name = SampleLayer;
			sourceTree = "<group>";
		};
		24F5DACA191DDB8500451B90 /* AboutView */ = {
			isa = PBXGroup;
			children = (
				24F5DACB191DDCA600451B90 /* AboutLayer.xib */,
				24F5DACD191DDE5D00451B90 /* AboutView.h */,
				24F5DACE191DDE5D00451B90 /* AboutView.m */,
			);
			name = AboutView;
			sourceTree = "<group>";
		};
		24FBFA6C191202800019BBAD = {
			isa = PBXGroup;
			children = (
				24FBFA7E191202800019BBAD /* ChengShiHuangYe-iPad */,
				24FBFA9D191202810019BBAD /* ChengShiHuangYe-iPadTests */,
				24FBFA77191202800019BBAD /* Frameworks */,
				24FBFA76191202800019BBAD /* Products */,
				EF6CB1BCF2C64496BF2AD113 /* Pods.xcconfig */,
			);
			sourceTree = "<group>";
		};
		24FBFA76191202800019BBAD /* Products */ = {
			isa = PBXGroup;
			children = (
				24FBFA75191202800019BBAD /* ChengShiHuangYe-iPad.app */,
				24FBFA96191202800019BBAD /* ChengShiHuangYe-iPadTests.xctest */,
			);
			name = Products;
			sourceTree = "<group>";
		};
		24FBFA77191202800019BBAD /* Frameworks */ = {
			isa = PBXGroup;
			children = (
				24FBFABB191207B80019BBAD /* CoreMotion.framework */,
				24FBFA78191202800019BBAD /* Foundation.framework */,
				24FBFA7A191202800019BBAD /* CoreGraphics.framework */,
				24FBFA7C191202800019BBAD /* UIKit.framework */,
				24FBFA97191202810019BBAD /* XCTest.framework */,
				05D38D90EF954A95B4A805DB /* libPods.a */,
			);
			name = Frameworks;
			sourceTree = "<group>";
		};
		24FBFA7E191202800019BBAD /* ChengShiHuangYe-iPad */ = {
			isa = PBXGroup;
			children = (
				24FBFAB0191205440019BBAD /* LayerView */,
				24FBFA87191202800019BBAD /* AppDelegate.h */,
				24FBFA88191202800019BBAD /* AppDelegate.m */,
				24FBFA8A191202800019BBAD /* Main.storyboard */,
				24FBFA90191202800019BBAD /* Images.xcassets */,
				24FBFA7F191202800019BBAD /* Supporting Files */,
			);
			path = "ChengShiHuangYe-iPad";
			sourceTree = "<group>";
		};
		24FBFA7F191202800019BBAD /* Supporting Files */ = {
			isa = PBXGroup;
			children = (
				24FBFA80191202800019BBAD /* ChengShiHuangYe-iPad-Info.plist */,
				24FBFA81191202800019BBAD /* InfoPlist.strings */,
				24FBFA84191202800019BBAD /* main.m */,
				24FBFA86191202800019BBAD /* ChengShiHuangYe-iPad-Prefix.pch */,
			);
			name = "Supporting Files";
			sourceTree = "<group>";
		};
		24FBFA9D191202810019BBAD /* ChengShiHuangYe-iPadTests */ = {
			isa = PBXGroup;
			children = (
				24FBFAA3191202810019BBAD /* ChengShiHuangYe_iPadTests.m */,
				24FBFA9E191202810019BBAD /* Supporting Files */,
			);
			path = "ChengShiHuangYe-iPadTests";
			sourceTree = "<group>";
		};
		24FBFA9E191202810019BBAD /* Supporting Files */ = {
			isa = PBXGroup;
			children = (
				24FBFA9F191202810019BBAD /* ChengShiHuangYe-iPadTests-Info.plist */,
				24FBFAA0191202810019BBAD /* InfoPlist.strings */,
			);
			name = "Supporting Files";
			sourceTree = "<group>";
		};
		24FBFAB0191205440019BBAD /* LayerView */ = {
			isa = PBXGroup;
			children = (
				24FBFAB1191205810019BBAD /* LayerView.h */,
				24FBFAB2191205810019BBAD /* LayerView.m */,
				24FBFAB7191207270019BBAD /* HomeView */,
				24EE31611914AC3800E11448 /* SampleLayer */,
			);
			name = LayerView;
			sourceTree = "<group>";
		};
		24FBFAB7191207270019BBAD /* HomeView */ = {
			isa = PBXGroup;
			children = (
				24FBFA8D191202800019BBAD /* HomeViewController.h */,
				24FBFA8E191202800019BBAD /* HomeViewController.m */,
				24FBFAB4191205E30019BBAD /* HomeView.h */,
				24FBFAB5191205E30019BBAD /* HomeView.m */,
				24FBFAB81912074A0019BBAD /* Gravity.h */,
				24FBFAB91912074A0019BBAD /* Gravity.m */,
				24FBFAC31912171D0019BBAD /* Plant */,
			);
			name = HomeView;
			sourceTree = "<group>";
		};
		24FBFAC31912171D0019BBAD /* Plant */ = {
			isa = PBXGroup;
			children = (
				24FBFABD191216980019BBAD /* PlantInfo.h */,
				24FBFABE191216980019BBAD /* PlantInfo.m */,
				24FBFAC419121DC30019BBAD /* HomeViewPlantBuilder.h */,
				24FBFAC519121DC30019BBAD /* HomeViewPlantBuilder.m */,
				24FBFAC0191217180019BBAD /* ScutellariaIndica.h */,
				24FBFAC1191217180019BBAD /* ScutellariaIndica.m */,
				24FBFAC7191221630019BBAD /* DesmodiumCaudatum.h */,
				24FBFAC8191221630019BBAD /* DesmodiumCaudatum.m */,
				24FBFACA191222DA0019BBAD /* LysimachiaChristinae.h */,
				24FBFACB191222DA0019BBAD /* LysimachiaChristinae.m */,
				24FBFAD0191224CE0019BBAD /* MyurocladaMaxmowiczii.h */,
				24FBFAD1191224CE0019BBAD /* MyurocladaMaxmowiczii.m */,
				24CC0CF0191226F200CD3A19 /* CyperusCompressus.h */,
				24CC0CF1191226F200CD3A19 /* CyperusCompressus.m */,
				24CC0CF31912282900CD3A19 /* AdiantumPedatum.h */,
				24CC0CF41912282900CD3A19 /* AdiantumPedatum.m */,
				24CC0CF6191228E500CD3A19 /* Pachysandraterminalis.h */,
				24CC0CF7191228E500CD3A19 /* Pachysandraterminalis.m */,
				24CC0CF9191229DD00CD3A19 /* RhaphiolepisIndica.h */,
				24CC0CFA191229DD00CD3A19 /* RhaphiolepisIndica.m */,
			);
			name = Plant;
			sourceTree = "<group>";
		};
/* End PBXGroup section */

/* Begin PBXNativeTarget section */
		24FBFA74191202800019BBAD /* ChengShiHuangYe-iPad */ = {
			isa = PBXNativeTarget;
			buildConfigurationList = 24FBFAA7191202810019BBAD /* Build configuration list for PBXNativeTarget "ChengShiHuangYe-iPad" */;
			buildPhases = (
				FEB6EB984DE14941BB6B00EC /* Check Pods Manifest.lock */,
				24FBFA71191202800019BBAD /* Sources */,
				24FBFA72191202800019BBAD /* Frameworks */,
				24FBFA73191202800019BBAD /* Resources */,
				978E96B690C04A6186EDE50D /* Copy Pods Resources */,
			);
			buildRules = (
			);
			dependencies = (
			);
			name = "ChengShiHuangYe-iPad";
			productName = "ChengShiHuangYe-iPad";
			productReference = 24FBFA75191202800019BBAD /* ChengShiHuangYe-iPad.app */;
			productType = "com.apple.product-type.application";
		};
		24FBFA95191202800019BBAD /* ChengShiHuangYe-iPadTests */ = {
			isa = PBXNativeTarget;
			buildConfigurationList = 24FBFAAA191202810019BBAD /* Build configuration list for PBXNativeTarget "ChengShiHuangYe-iPadTests" */;
			buildPhases = (
				24FBFA92191202800019BBAD /* Sources */,
				24FBFA93191202800019BBAD /* Frameworks */,
				24FBFA94191202800019BBAD /* Resources */,
			);
			buildRules = (
			);
			dependencies = (
				24FBFA9C191202810019BBAD /* PBXTargetDependency */,
			);
			name = "ChengShiHuangYe-iPadTests";
			productName = "ChengShiHuangYe-iPadTests";
			productReference = 24FBFA96191202800019BBAD /* ChengShiHuangYe-iPadTests.xctest */;
			productType = "com.apple.product-type.bundle.unit-test";
		};
/* End PBXNativeTarget section */

/* Begin PBXProject section */
		24FBFA6D191202800019BBAD /* Project object */ = {
			isa = PBXProject;
			attributes = {
				LastUpgradeCheck = 0510;
				ORGANIZATIONNAME = TongjiUniversity;
				TargetAttributes = {
					24FBFA74191202800019BBAD = {
						DevelopmentTeam = 2XYAGB2947;
					};
					24FBFA95191202800019BBAD = {
						TestTargetID = 24FBFA74191202800019BBAD;
					};
				};
			};
			buildConfigurationList = 24FBFA70191202800019BBAD /* Build configuration list for PBXProject "ChengShiHuangYe-iPad" */;
			compatibilityVersion = "Xcode 3.2";
			developmentRegion = English;
			hasScannedForEncodings = 0;
			knownRegions = (
				en,
				Base,
			);
			mainGroup = 24FBFA6C191202800019BBAD;
			productRefGroup = 24FBFA76191202800019BBAD /* Products */;
			projectDirPath = "";
			projectRoot = "";
			targets = (
				24FBFA74191202800019BBAD /* ChengShiHuangYe-iPad */,
				24FBFA95191202800019BBAD /* ChengShiHuangYe-iPadTests */,
			);
		};
/* End PBXProject section */

/* Begin PBXResourcesBuildPhase section */
		24FBFA73191202800019BBAD /* Resources */ = {
			isa = PBXResourcesBuildPhase;
			buildActionMask = 2147483647;
			files = (
				24FBFA91191202800019BBAD /* Images.xcassets in Resources */,
				24FBFA83191202800019BBAD /* InfoPlist.strings in Resources */,
				24FBFA8C191202800019BBAD /* Main.storyboard in Resources */,
				24F5DACC191DDCA600451B90 /* AboutLayer.xib in Resources */,
			);
			runOnlyForDeploymentPostprocessing = 0;
		};
		24FBFA94191202800019BBAD /* Resources */ = {
			isa = PBXResourcesBuildPhase;
			buildActionMask = 2147483647;
			files = (
				24FBFAA2191202810019BBAD /* InfoPlist.strings in Resources */,
			);
			runOnlyForDeploymentPostprocessing = 0;
		};
/* End PBXResourcesBuildPhase section */

/* Begin PBXShellScriptBuildPhase section */
		978E96B690C04A6186EDE50D /* Copy Pods Resources */ = {
			isa = PBXShellScriptBuildPhase;
			buildActionMask = 2147483647;
			files = (
			);
			inputPaths = (
			);
			name = "Copy Pods Resources";
			outputPaths = (
			);
			runOnlyForDeploymentPostprocessing = 0;
			shellPath = /bin/sh;
			shellScript = "\"${SRCROOT}/Pods/Pods-resources.sh\"\n";
			showEnvVarsInLog = 0;
		};
		FEB6EB984DE14941BB6B00EC /* Check Pods Manifest.lock */ = {
			isa = PBXShellScriptBuildPhase;
			buildActionMask = 2147483647;
			files = (
			);
			inputPaths = (
			);
			name = "Check Pods Manifest.lock";
			outputPaths = (
			);
			runOnlyForDeploymentPostprocessing = 0;
			shellPath = /bin/sh;
			shellScript = "diff \"${PODS_ROOT}/../Podfile.lock\" \"${PODS_ROOT}/Manifest.lock\" > /dev/null\nif [[ $? != 0 ]] ; then\n    cat << EOM\nerror: The sandbox is not in sync with the Podfile.lock. Run 'pod install' or update your CocoaPods installation.\nEOM\n    exit 1\nfi\n";
			showEnvVarsInLog = 0;
		};
/* End PBXShellScriptBuildPhase section */

/* Begin PBXSourcesBuildPhase section */
		24FBFA71191202800019BBAD /* Sources */ = {
			isa = PBXSourcesBuildPhase;
			buildActionMask = 2147483647;
			files = (
				24FBFAD2191224CE0019BBAD /* MyurocladaMaxmowiczii.m in Sources */,
				24E9C7C91918971300B509BA /* DecorateBubbleItem.m in Sources */,
				24D13263191A127300B3B1A2 /* PlantBubble6.m in Sources */,
				24FBFA8F191202800019BBAD /* HomeViewController.m in Sources */,
				24F5DACF191DDE5D00451B90 /* AboutView.m in Sources */,
				24E9C7B81918843500B509BA /* CultureBubble.m in Sources */,
				24FBFACC191222DA0019BBAD /* LysimachiaChristinae.m in Sources */,
				24CC0CF51912282900CD3A19 /* AdiantumPedatum.m in Sources */,
				24D1325D191A11F900B3B1A2 /* PlantBubble4.m in Sources */,
				24D1324D191A035400B3B1A2 /* PlantBubble.m in Sources */,
				24FBFAC9191221630019BBAD /* DesmodiumCaudatum.m in Sources */,
				24CC0CFB191229DD00CD3A19 /* RhaphiolepisIndica.m in Sources */,
				24E9C7CF1918978D00B509BA /* DecorateBubbleItem2.m in Sources */,
				24CC0CF2191226F200CD3A19 /* CyperusCompressus.m in Sources */,
				24D13254191A0A8600B3B1A2 /* PlantBubbleItemBuilder.m in Sources */,
				24A4A64D191740C60054A67A /* CoarseBubbleItemBuilder.m in Sources */,
				24D1325A191A11A600B3B1A2 /* PlantBubble3.m in Sources */,
				24FBFAC619121DC30019BBAD /* HomeViewPlantBuilder.m in Sources */,
				24A4A64919172D070054A67A /* CoarseBubbleItem1.m in Sources */,
				24E9C7C21918858B00B509BA /* CultureBubbleItemBuilder.m in Sources */,
				24D13266191A129A00B3B1A2 /* PlantBubble7.m in Sources */,
				24D13260191A123600B3B1A2 /* PlantBubble5.m in Sources */,
				24BA92031914F80400DB4067 /* SampleViewController.m in Sources */,
				24A4A642191729520054A67A /* MenuButton.m in Sources */,
				24FBFA89191202800019BBAD /* AppDelegate.m in Sources */,
				24E9C7BB1918847200B509BA /* CultureBubble1.m in Sources */,
				24868E6519163465002E8F67 /* SlideMenu.m in Sources */,
				24E9C7D2191897A900B509BA /* DecorateBubbleItem3.m in Sources */,
				24FBFAB6191205E30019BBAD /* HomeView.m in Sources */,
				24E9C7BE191884DA00B509BA /* CultureBubble2.m in Sources */,
				24CC0CF8191228E500CD3A19 /* Pachysandraterminalis.m in Sources */,
				24FBFAB3191205810019BBAD /* LayerView.m in Sources */,
				24FBFABF191216980019BBAD /* PlantInfo.m in Sources */,
				24A4A65119174B420054A67A /* CoarseBubbleItem2.m in Sources */,
				24D13250191A07D900B3B1A2 /* PlantBubble1.m in Sources */,
				24FBFABA1912074A0019BBAD /* Gravity.m in Sources */,
				24D13257191A116100B3B1A2 /* PlantBubble2.m in Sources */,
				24A4A64619172AB30054A67A /* CoarseBubbleItem.m in Sources */,
				24FBFA85191202800019BBAD /* main.m in Sources */,
				24FBFAC2191217180019BBAD /* ScutellariaIndica.m in Sources */,
				24E9C7CC1918973C00B509BA /* DecorateBubbleItem1.m in Sources */,
				24E9C7D61918987300B509BA /* DecorateBubbleItemBuilder.m in Sources */,
			);
			runOnlyForDeploymentPostprocessing = 0;
		};
		24FBFA92191202800019BBAD /* Sources */ = {
			isa = PBXSourcesBuildPhase;
			buildActionMask = 2147483647;
			files = (
				24FBFAA4191202810019BBAD /* ChengShiHuangYe_iPadTests.m in Sources */,
			);
			runOnlyForDeploymentPostprocessing = 0;
		};
/* End PBXSourcesBuildPhase section */

/* Begin PBXTargetDependency section */
		24FBFA9C191202810019BBAD /* PBXTargetDependency */ = {
			isa = PBXTargetDependency;
			target = 24FBFA74191202800019BBAD /* ChengShiHuangYe-iPad */;
			targetProxy = 24FBFA9B191202810019BBAD /* PBXContainerItemProxy */;
		};
/* End PBXTargetDependency section */

/* Begin PBXVariantGroup section */
		24FBFA81191202800019BBAD /* InfoPlist.strings */ = {
			isa = PBXVariantGroup;
			children = (
				24FBFA82191202800019BBAD /* en */,
			);
			name = InfoPlist.strings;
			sourceTree = "<group>";
		};
		24FBFA8A191202800019BBAD /* Main.storyboard */ = {
			isa = PBXVariantGroup;
			children = (
				24FBFA8B191202800019BBAD /* Base */,
			);
			name = Main.storyboard;
			sourceTree = "<group>";
		};
		24FBFAA0191202810019BBAD /* InfoPlist.strings */ = {
			isa = PBXVariantGroup;
			children = (
				24FBFAA1191202810019BBAD /* en */,
			);
			name = InfoPlist.strings;
			sourceTree = "<group>";
		};
/* End PBXVariantGroup section */

/* Begin XCBuildConfiguration section */
		24FBFAA5191202810019BBAD /* Debug */ = {
			isa = XCBuildConfiguration;
			buildSettings = {
				ALWAYS_SEARCH_USER_PATHS = NO;
				CLANG_CXX_LANGUAGE_STANDARD = "gnu++0x";
				CLANG_CXX_LIBRARY = "libc++";
				CLANG_ENABLE_MODULES = YES;
				CLANG_ENABLE_OBJC_ARC = YES;
				CLANG_WARN_BOOL_CONVERSION = YES;
				CLANG_WARN_CONSTANT_CONVERSION = YES;
				CLANG_WARN_DIRECT_OBJC_ISA_USAGE = YES_ERROR;
				CLANG_WARN_EMPTY_BODY = YES;
				CLANG_WARN_ENUM_CONVERSION = YES;
				CLANG_WARN_INT_CONVERSION = YES;
				CLANG_WARN_OBJC_ROOT_CLASS = YES_ERROR;
				CLANG_WARN__DUPLICATE_METHOD_MATCH = YES;
				"CODE_SIGN_IDENTITY[sdk=iphoneos*]" = "iPhone Developer";
				COPY_PHASE_STRIP = NO;
				GCC_C_LANGUAGE_STANDARD = gnu99;
				GCC_DYNAMIC_NO_PIC = NO;
				GCC_OPTIMIZATION_LEVEL = 0;
				GCC_PREPROCESSOR_DEFINITIONS = (
					"DEBUG=1",
					"$(inherited)",
				);
				GCC_SYMBOLS_PRIVATE_EXTERN = NO;
				GCC_WARN_64_TO_32_BIT_CONVERSION = YES;
				GCC_WARN_ABOUT_RETURN_TYPE = YES_ERROR;
				GCC_WARN_UNDECLARED_SELECTOR = YES;
				GCC_WARN_UNINITIALIZED_AUTOS = YES_AGGRESSIVE;
				GCC_WARN_UNUSED_FUNCTION = YES;
				GCC_WARN_UNUSED_VARIABLE = YES;
				IPHONEOS_DEPLOYMENT_TARGET = 7.0;
				ONLY_ACTIVE_ARCH = YES;
				SDKROOT = iphoneos;
				TARGETED_DEVICE_FAMILY = 2;
			};
			name = Debug;
		};
		24FBFAA6191202810019BBAD /* Release */ = {
			isa = XCBuildConfiguration;
			buildSettings = {
				ALWAYS_SEARCH_USER_PATHS = NO;
				CLANG_CXX_LANGUAGE_STANDARD = "gnu++0x";
				CLANG_CXX_LIBRARY = "libc++";
				CLANG_ENABLE_MODULES = YES;
				CLANG_ENABLE_OBJC_ARC = YES;
				CLANG_WARN_BOOL_CONVERSION = YES;
				CLANG_WARN_CONSTANT_CONVERSION = YES;
				CLANG_WARN_DIRECT_OBJC_ISA_USAGE = YES_ERROR;
				CLANG_WARN_EMPTY_BODY = YES;
				CLANG_WARN_ENUM_CONVERSION = YES;
				CLANG_WARN_INT_CONVERSION = YES;
				CLANG_WARN_OBJC_ROOT_CLASS = YES_ERROR;
				CLANG_WARN__DUPLICATE_METHOD_MATCH = YES;
				"CODE_SIGN_IDENTITY[sdk=iphoneos*]" = "iPhone Developer";
				COPY_PHASE_STRIP = YES;
				ENABLE_NS_ASSERTIONS = NO;
				GCC_C_LANGUAGE_STANDARD = gnu99;
				GCC_WARN_64_TO_32_BIT_CONVERSION = YES;
				GCC_WARN_ABOUT_RETURN_TYPE = YES_ERROR;
				GCC_WARN_UNDECLARED_SELECTOR = YES;
				GCC_WARN_UNINITIALIZED_AUTOS = YES_AGGRESSIVE;
				GCC_WARN_UNUSED_FUNCTION = YES;
				GCC_WARN_UNUSED_VARIABLE = YES;
				IPHONEOS_DEPLOYMENT_TARGET = 7.0;
				SDKROOT = iphoneos;
				TARGETED_DEVICE_FAMILY = 2;
				VALIDATE_PRODUCT = YES;
			};
			name = Release;
		};
		24FBFAA8191202810019BBAD /* Debug */ = {
			isa = XCBuildConfiguration;
			baseConfigurationReference = EF6CB1BCF2C64496BF2AD113 /* Pods.xcconfig */;
			buildSettings = {
				ASSETCATALOG_COMPILER_APPICON_NAME = AppIcon;
				ASSETCATALOG_COMPILER_LAUNCHIMAGE_NAME = LaunchImage;
				CODE_SIGN_IDENTITY = "iPhone Developer";
				"CODE_SIGN_IDENTITY[sdk=iphoneos*]" = "iPhone Developer";
				GCC_PRECOMPILE_PREFIX_HEADER = YES;
				GCC_PREFIX_HEADER = "ChengShiHuangYe-iPad/ChengShiHuangYe-iPad-Prefix.pch";
				INFOPLIST_FILE = "ChengShiHuangYe-iPad/ChengShiHuangYe-iPad-Info.plist";
				IPHONEOS_DEPLOYMENT_TARGET = 7.0;
				PRODUCT_NAME = "$(TARGET_NAME)";
				PROVISIONING_PROFILE = "";
				WRAPPER_EXTENSION = app;
			};
			name = Debug;
		};
		24FBFAA9191202810019BBAD /* Release */ = {
			isa = XCBuildConfiguration;
			baseConfigurationReference = EF6CB1BCF2C64496BF2AD113 /* Pods.xcconfig */;
			buildSettings = {
				ASSETCATALOG_COMPILER_APPICON_NAME = AppIcon;
				ASSETCATALOG_COMPILER_LAUNCHIMAGE_NAME = LaunchImage;
				CODE_SIGN_IDENTITY = "iPhone Developer";
				"CODE_SIGN_IDENTITY[sdk=iphoneos*]" = "iPhone Developer";
				GCC_PRECOMPILE_PREFIX_HEADER = YES;
				GCC_PREFIX_HEADER = "ChengShiHuangYe-iPad/ChengShiHuangYe-iPad-Prefix.pch";
				INFOPLIST_FILE = "ChengShiHuangYe-iPad/ChengShiHuangYe-iPad-Info.plist";
				IPHONEOS_DEPLOYMENT_TARGET = 7.0;
				PRODUCT_NAME = "$(TARGET_NAME)";
				PROVISIONING_PROFILE = "";
				WRAPPER_EXTENSION = app;
			};
			name = Release;
		};
		24FBFAAB191202810019BBAD /* Debug */ = {
			isa = XCBuildConfiguration;
			buildSettings = {
				BUNDLE_LOADER = "$(BUILT_PRODUCTS_DIR)/ChengShiHuangYe-iPad.app/ChengShiHuangYe-iPad";
				FRAMEWORK_SEARCH_PATHS = (
					"$(SDKROOT)/Developer/Library/Frameworks",
					"$(inherited)",
					"$(DEVELOPER_FRAMEWORKS_DIR)",
				);
				GCC_PRECOMPILE_PREFIX_HEADER = YES;
				GCC_PREFIX_HEADER = "ChengShiHuangYe-iPad/ChengShiHuangYe-iPad-Prefix.pch";
				GCC_PREPROCESSOR_DEFINITIONS = (
					"DEBUG=1",
					"$(inherited)",
				);
				INFOPLIST_FILE = "ChengShiHuangYe-iPadTests/ChengShiHuangYe-iPadTests-Info.plist";
				PRODUCT_NAME = "$(TARGET_NAME)";
				TEST_HOST = "$(BUNDLE_LOADER)";
				WRAPPER_EXTENSION = xctest;
			};
			name = Debug;
		};
		24FBFAAC191202810019BBAD /* Release */ = {
			isa = XCBuildConfiguration;
			buildSettings = {
				BUNDLE_LOADER = "$(BUILT_PRODUCTS_DIR)/ChengShiHuangYe-iPad.app/ChengShiHuangYe-iPad";
				FRAMEWORK_SEARCH_PATHS = (
					"$(SDKROOT)/Developer/Library/Frameworks",
					"$(inherited)",
					"$(DEVELOPER_FRAMEWORKS_DIR)",
				);
				GCC_PRECOMPILE_PREFIX_HEADER = YES;
				GCC_PREFIX_HEADER = "ChengShiHuangYe-iPad/ChengShiHuangYe-iPad-Prefix.pch";
				INFOPLIST_FILE = "ChengShiHuangYe-iPadTests/ChengShiHuangYe-iPadTests-Info.plist";
				PRODUCT_NAME = "$(TARGET_NAME)";
				TEST_HOST = "$(BUNDLE_LOADER)";
				WRAPPER_EXTENSION = xctest;
			};
			name = Release;
		};
/* End XCBuildConfiguration section */

/* Begin XCConfigurationList section */
		24FBFA70191202800019BBAD /* Build configuration list for PBXProject "ChengShiHuangYe-iPad" */ = {
			isa = XCConfigurationList;
			buildConfigurations = (
				24FBFAA5191202810019BBAD /* Debug */,
				24FBFAA6191202810019BBAD /* Release */,
			);
			defaultConfigurationIsVisible = 0;
			defaultConfigurationName = Release;
		};
		24FBFAA7191202810019BBAD /* Build configuration list for PBXNativeTarget "ChengShiHuangYe-iPad" */ = {
			isa = XCConfigurationList;
			buildConfigurations = (
				24FBFAA8191202810019BBAD /* Debug */,
				24FBFAA9191202810019BBAD /* Release */,
			);
			defaultConfigurationIsVisible = 0;
			defaultConfigurationName = Release;
		};
		24FBFAAA191202810019BBAD /* Build configuration list for PBXNativeTarget "ChengShiHuangYe-iPadTests" */ = {
			isa = XCConfigurationList;
			buildConfigurations = (
				24FBFAAB191202810019BBAD /* Debug */,
				24FBFAAC191202810019BBAD /* Release */,
			);
			defaultConfigurationIsVisible = 0;
			defaultConfigurationName = Release;
		};
/* End XCConfigurationList section */
	};
	rootObject = 24FBFA6D191202800019BBAD /* Project object */;
}
